
Microsoft Visual Studio Solution File, Format Version 12.00
# Visual Studio Version 16
VisualStudioVersion = 16.0.29201.188
MinimumVisualStudioVersion = 10.0.40219.1
Project("{FAE04EC0-301F-11D3-BF4B-00C04F79EFBC}") = "SalesWebMvc", "SalesWebMvc\SalesWebMvc.csproj", "{46D6E199-CD76-4909-8284-AF16F08438A0}"
EndProject
Global
	GlobalSection(SolutionConfigurationPlatforms) = preSolution
		Debug|Any CPU = Debug|Any CPU
		Release|Any CPU = Release|Any CPU
	EndGlobalSection
	GlobalSection(ProjectConfigurationPlatforms) = postSolution
		{46D6E199-CD76-4909-8284-AF16F08438A0}.Debug|Any CPU.ActiveCfg = Debug|Any CPU
		{46D6E199-CD76-4909-8284-AF16F08438A0}.Debug|Any CPU.Build.0 = Debug|Any CPU
		{46D6E199-CD76-4909-8284-AF16F08438A0}.Release|Any CPU.ActiveCfg = Release|Any CPU
		{46D6E199-CD76-4909-8284-AF16F08438A0}.Release|Any CPU.Build.0 = Release|Any CPU
	EndGlobalSection
	GlobalSection(SolutionProperties) = preSolution
		HideSolutionNode = FALSE
	EndGlobalSection
	GlobalSection(ExtensibilityGlobals) = postSolution
		SolutionGuid = {1055AC79-EB17-4A2E-B7A2-4F12925A9026}
	EndGlobalSection
EndGlobal
